
Microsoft Visual Studio Solution File, Format Version 12.00
# Visual Studio Version 16
VisualStudioVersion = 16.0.30804.86
MinimumVisualStudioVersion = 10.0.40219.1
Project("{FAE04EC0-301F-11D3-BF4B-00C04F79EFBC}") = "dotnet5-winservice-demo", "dotnet5-winservice-demo\dotnet5-winservice-demo.csproj", "{964F3906-861A-4806-A778-7DAD200AECA7}"
EndProject
Project("{FAE04EC0-301F-11D3-BF4B-00C04F79EFBC}") = "dotnet5-winservice-demo.Utility", "dotnet5-winservice-demo.Utility\dotnet5-winservice-demo.Utility.csproj", "{DC6897BC-9CE1-4623-8105-E98B7788A4D2}"
EndProject
Global
	GlobalSection(SolutionConfigurationPlatforms) = preSolution
		Debug|Any CPU = Debug|Any CPU
		Release|Any CPU = Release|Any CPU
	EndGlobalSection
	GlobalSection(ProjectConfigurationPlatforms) = postSolution
		{964F3906-861A-4806-A778-7DAD200AECA7}.Debug|Any CPU.ActiveCfg = Debug|Any CPU
		{964F3906-861A-4806-A778-7DAD200AECA7}.Debug|Any CPU.Build.0 = Debug|Any CPU
		{964F3906-861A-4806-A778-7DAD200AECA7}.Release|Any CPU.ActiveCfg = Release|Any CPU
		{964F3906-861A-4806-A778-7DAD200AECA7}.Release|Any CPU.Build.0 = Release|Any CPU
		{DC6897BC-9CE1-4623-8105-E98B7788A4D2}.Debug|Any CPU.ActiveCfg = Debug|Any CPU
		{DC6897BC-9CE1-4623-8105-E98B7788A4D2}.Debug|Any CPU.Build.0 = Debug|Any CPU
		{DC6897BC-9CE1-4623-8105-E98B7788A4D2}.Release|Any CPU.ActiveCfg = Release|Any CPU
		{DC6897BC-9CE1-4623-8105-E98B7788A4D2}.Release|Any CPU.Build.0 = Release|Any CPU
	EndGlobalSection
	GlobalSection(SolutionProperties) = preSolution
		HideSolutionNode = FALSE
	EndGlobalSection
	GlobalSection(ExtensibilityGlobals) = postSolution
		SolutionGuid = {9611D812-472B-4DEB-8D64-7BDCDCDEAAB3}
	EndGlobalSection
EndGlobal
